
Microsoft Visual Studio Solution File, Format Version 12.00
# Visual Studio 15
VisualStudioVersion = 15.0.28307.2017
MinimumVisualStudioVersion = 10.0.40219.1
Project("{FAE04EC0-301F-11D3-BF4B-00C04F79EFBC}") = "EAN13", "EAN13\EAN13.csproj", "{A22B287B-6187-4008-86E4-CD295CD151A4}"
EndProject
Global
	GlobalSection(SolutionConfigurationPlatforms) = preSolution
		Debug|Any CPU = Debug|Any CPU
		Release|Any CPU = Release|Any CPU
	EndGlobalSection
	GlobalSection(ProjectConfigurationPlatforms) = postSolution
		{A22B287B-6187-4008-86E4-CD295CD151A4}.Debug|Any CPU.ActiveCfg = Debug|Any CPU
		{A22B287B-6187-4008-86E4-CD295CD151A4}.Debug|Any CPU.Build.0 = Debug|Any CPU
		{A22B287B-6187-4008-86E4-CD295CD151A4}.Release|Any CPU.ActiveCfg = Release|Any CPU
		{A22B287B-6187-4008-86E4-CD295CD151A4}.Release|Any CPU.Build.0 = Release|Any CPU
	EndGlobalSection
	GlobalSection(SolutionProperties) = preSolution
		HideSolutionNode = FALSE
	EndGlobalSection
	GlobalSection(ExtensibilityGlobals) = postSolution
		SolutionGuid = {EB7DE8D5-EC5D-4DA8-92E6-0D25E9B7E7CD}
	EndGlobalSection
EndGlobal
